
Microsoft Visual Studio Solution File, Format Version 12.00
# Visual Studio 15
VisualStudioVersion = 15.0.27004.2010
MinimumVisualStudioVersion = 10.0.40219.1
Project("{8BC9CEB8-8B4A-11D0-8D11-00A0C91BC942}") = "JsonBooleanEvaluator", "JsonBooleanEvaluator\JsonBooleanEvaluator.vcxproj", "{E0E1CBA7-33AF-4115-A3EA-E30836EC656F}"
EndProject
Project("{8BC9CEB8-8B4A-11D0-8D11-00A0C91BC942}") = "JsonBooleanEvaluatorTests", "JsonBooleanEvaluatorTests\JsonBooleanEvaluatorTests.vcxproj", "{B5988246-46D6-459C-ADC2-F268B294EDD6}"
EndProject
Global
	GlobalSection(SolutionConfigurationPlatforms) = preSolution
		Debug|x64 = Debug|x64
		Debug|x86 = Debug|x86
		Release|x64 = Release|x64
		Release|x86 = Release|x86
	EndGlobalSection
	GlobalSection(ProjectConfigurationPlatforms) = postSolution
		{E0E1CBA7-33AF-4115-A3EA-E30836EC656F}.Debug|x64.ActiveCfg = Debug|x64
		{E0E1CBA7-33AF-4115-A3EA-E30836EC656F}.Debug|x64.Build.0 = Debug|x64
		{E0E1CBA7-33AF-4115-A3EA-E30836EC656F}.Debug|x86.ActiveCfg = Debug|Win32
		{E0E1CBA7-33AF-4115-A3EA-E30836EC656F}.Debug|x86.Build.0 = Debug|Win32
		{E0E1CBA7-33AF-4115-A3EA-E30836EC656F}.Release|x64.ActiveCfg = Release|x64
		{E0E1CBA7-33AF-4115-A3EA-E30836EC656F}.Release|x64.Build.0 = Release|x64
		{E0E1CBA7-33AF-4115-A3EA-E30836EC656F}.Release|x86.ActiveCfg = Release|Win32
		{E0E1CBA7-33AF-4115-A3EA-E30836EC656F}.Release|x86.Build.0 = Release|Win32
		{B5988246-46D6-459C-ADC2-F268B294EDD6}.Debug|x64.ActiveCfg = Debug|x64
		{B5988246-46D6-459C-ADC2-F268B294EDD6}.Debug|x64.Build.0 = Debug|x64
		{B5988246-46D6-459C-ADC2-F268B294EDD6}.Debug|x86.ActiveCfg = Debug|Win32
		{B5988246-46D6-459C-ADC2-F268B294EDD6}.Debug|x86.Build.0 = Debug|Win32
		{B5988246-46D6-459C-ADC2-F268B294EDD6}.Release|x64.ActiveCfg = Release|x64
		{B5988246-46D6-459C-ADC2-F268B294EDD6}.Release|x64.Build.0 = Release|x64
		{B5988246-46D6-459C-ADC2-F268B294EDD6}.Release|x86.ActiveCfg = Release|Win32
		{B5988246-46D6-459C-ADC2-F268B294EDD6}.Release|x86.Build.0 = Release|Win32
	EndGlobalSection
	GlobalSection(SolutionProperties) = preSolution
		HideSolutionNode = FALSE
	EndGlobalSection
	GlobalSection(ExtensibilityGlobals) = postSolution
		SolutionGuid = {F338D2FD-8389-4380-A864-0A2518E6A836}
	EndGlobalSection
EndGlobal
